
Microsoft Visual Studio Solution File, Format Version 12.00
# Visual Studio Version 16
VisualStudioVersion = 16.0.29519.87
MinimumVisualStudioVersion = 10.0.40219.1
Project("{FAE04EC0-301F-11D3-BF4B-00C04F79EFBC}") = "ProductMgmtMvc", "ProductMgmtMvc.csproj", "{ABC24BFC-DBAB-441B-9462-66C0E5A603FC}"
EndProject
Global
	GlobalSection(SolutionConfigurationPlatforms) = preSolution
		Debug|Any CPU = Debug|Any CPU
		Release|Any CPU = Release|Any CPU
	EndGlobalSection
	GlobalSection(ProjectConfigurationPlatforms) = postSolution
		{ABC24BFC-DBAB-441B-9462-66C0E5A603FC}.Debug|Any CPU.ActiveCfg = Debug|Any CPU
		{ABC24BFC-DBAB-441B-9462-66C0E5A603FC}.Debug|Any CPU.Build.0 = Debug|Any CPU
		{ABC24BFC-DBAB-441B-9462-66C0E5A603FC}.Release|Any CPU.ActiveCfg = Release|Any CPU
		{ABC24BFC-DBAB-441B-9462-66C0E5A603FC}.Release|Any CPU.Build.0 = Release|Any CPU
	EndGlobalSection
	GlobalSection(SolutionProperties) = preSolution
		HideSolutionNode = FALSE
	EndGlobalSection
	GlobalSection(ExtensibilityGlobals) = postSolution
		SolutionGuid = {C17E7E80-852A-4D9F-B2EF-3B03DDD5A2F2}
	EndGlobalSection
EndGlobal
