
Microsoft Visual Studio Solution File, Format Version 12.00
# Visual Studio Version 16
VisualStudioVersion = 16.0.31005.135
MinimumVisualStudioVersion = 10.0.40219.1
Project("{FAE04EC0-301F-11D3-BF4B-00C04F79EFBC}") = "TestingPassengerDemo", "TestingPassengerDemo\TestingPassengerDemo.csproj", "{C772155C-313A-485D-9D0F-B61C18D8AA0A}"
EndProject
Project("{FAE04EC0-301F-11D3-BF4B-00C04F79EFBC}") = "TestingPassengerDemo_Test", "TestingPassengerDemo_Test\TestingPassengerDemo_Test.csproj", "{6AA58104-C3BA-4ED1-97F1-B815BC56F2F7}"
EndProject
Global
	GlobalSection(SolutionConfigurationPlatforms) = preSolution
		Debug|Any CPU = Debug|Any CPU
		Release|Any CPU = Release|Any CPU
	EndGlobalSection
	GlobalSection(ProjectConfigurationPlatforms) = postSolution
		{C772155C-313A-485D-9D0F-B61C18D8AA0A}.Debug|Any CPU.ActiveCfg = Debug|Any CPU
		{C772155C-313A-485D-9D0F-B61C18D8AA0A}.Debug|Any CPU.Build.0 = Debug|Any CPU
		{C772155C-313A-485D-9D0F-B61C18D8AA0A}.Release|Any CPU.ActiveCfg = Release|Any CPU
		{C772155C-313A-485D-9D0F-B61C18D8AA0A}.Release|Any CPU.Build.0 = Release|Any CPU
		{6AA58104-C3BA-4ED1-97F1-B815BC56F2F7}.Debug|Any CPU.ActiveCfg = Debug|Any CPU
		{6AA58104-C3BA-4ED1-97F1-B815BC56F2F7}.Debug|Any CPU.Build.0 = Debug|Any CPU
		{6AA58104-C3BA-4ED1-97F1-B815BC56F2F7}.Release|Any CPU.ActiveCfg = Release|Any CPU
		{6AA58104-C3BA-4ED1-97F1-B815BC56F2F7}.Release|Any CPU.Build.0 = Release|Any CPU
	EndGlobalSection
	GlobalSection(SolutionProperties) = preSolution
		HideSolutionNode = FALSE
	EndGlobalSection
	GlobalSection(ExtensibilityGlobals) = postSolution
		SolutionGuid = {996C3582-0634-4E27-96B9-8E1A850ACA21}
	EndGlobalSection
EndGlobal
